// !$*UTF8*$!
{
	archiveVersion = 1;
	classes = {
	};
	objectVersion = 50;
	objects = {

/* Begin PBXBuildFile section */
		4F7120AC242DEEAA0077E76F /* AppDelegate.swift in Sources */ = {isa = PBXBuildFile; fileRef = 4F7120AB242DEEAA0077E76F /* AppDelegate.swift */; };
		4F7120AE242DEEAA0077E76F /* SceneDelegate.swift in Sources */ = {isa = PBXBuildFile; fileRef = 4F7120AD242DEEAA0077E76F /* SceneDelegate.swift */; };
		4F7120B0242DEEAA0077E76F /* ContentView.swift in Sources */ = {isa = PBXBuildFile; fileRef = 4F7120AF242DEEAA0077E76F /* ContentView.swift */; };
		4F7120B2242DEEAC0077E76F /* Assets.xcassets in Resources */ = {isa = PBXBuildFile; fileRef = 4F7120B1242DEEAC0077E76F /* Assets.xcassets */; };
		4F7120B5242DEEAC0077E76F /* Preview Assets.xcassets in Resources */ = {isa = PBXBuildFile; fileRef = 4F7120B4242DEEAC0077E76F /* Preview Assets.xcassets */; };
		4F7120B8242DEEAC0077E76F /* LaunchScreen.storyboard in Resources */ = {isa = PBXBuildFile; fileRef = 4F7120B6242DEEAC0077E76F /* LaunchScreen.storyboard */; };
		4F7120C0242DF04B0077E76F /* BaseConvertView.swift in Sources */ = {isa = PBXBuildFile; fileRef = 4F7120BF242DF04B0077E76F /* BaseConvertView.swift */; };
		4F7120C4242E08DF0077E76F /* ASCIILookupView.swift in Sources */ = {isa = PBXBuildFile; fileRef = 4F7120C3242E08DF0077E76F /* ASCIILookupView.swift */; };
		4F7120C6242E1BEE0077E76F /* LogicCalcView.swift in Sources */ = {isa = PBXBuildFile; fileRef = 4F7120C5242E1BEE0077E76F /* LogicCalcView.swift */; };
		4F95A68E24358C0200D02FA8 /* KeyboardTextField.swift in Sources */ = {isa = PBXBuildFile; fileRef = 4F95A68D24358C0200D02FA8 /* KeyboardTextField.swift */; };
/* End PBXBuildFile section */

/* Begin PBXFileReference section */
		4F7120A8242DEEAA0077E76F /* inBinary.app */ = {isa = PBXFileReference; explicitFileType = wrapper.application; includeInIndex = 0; path = inBinary.app; sourceTree = BUILT_PRODUCTS_DIR; };
		4F7120AB242DEEAA0077E76F /* AppDelegate.swift */ = {isa = PBXFileReference; lastKnownFileType = sourcecode.swift; path = AppDelegate.swift; sourceTree = "<group>"; };
		4F7120AD242DEEAA0077E76F /* SceneDelegate.swift */ = {isa = PBXFileReference; lastKnownFileType = sourcecode.swift; path = SceneDelegate.swift; sourceTree = "<group>"; };
		4F7120AF242DEEAA0077E76F /* ContentView.swift */ = {isa = PBXFileReference; lastKnownFileType = sourcecode.swift; path = ContentView.swift; sourceTree = "<group>"; };
		4F7120B1242DEEAC0077E76F /* Assets.xcassets */ = {isa = PBXFileReference; lastKnownFileType = folder.assetcatalog; path = Assets.xcassets; sourceTree = "<group>"; };
		4F7120B4242DEEAC0077E76F /* Preview Assets.xcassets */ = {isa = PBXFileReference; lastKnownFileType = folder.assetcatalog; path = "Preview Assets.xcassets"; sourceTree = "<group>"; };
		4F7120B7242DEEAC0077E76F /* Base */ = {isa = PBXFileReference; lastKnownFileType = file.storyboard; name = Base; path = Base.lproj/LaunchScreen.storyboard; sourceTree = "<group>"; };
		4F7120B9242DEEAC0077E76F /* Info.plist */ = {isa = PBXFileReference; lastKnownFileType = text.plist.xml; path = Info.plist; sourceTree = "<group>"; };
		4F7120BF242DF04B0077E76F /* BaseConvertView.swift */ = {isa = PBXFileReference; lastKnownFileType = sourcecode.swift; path = BaseConvertView.swift; sourceTree = "<group>"; };
		4F7120C3242E08DF0077E76F /* ASCIILookupView.swift */ = {isa = PBXFileReference; lastKnownFileType = sourcecode.swift; path = ASCIILookupView.swift; sourceTree = "<group>"; };
		4F7120C5242E1BEE0077E76F /* LogicCalcView.swift */ = {isa = PBXFileReference; lastKnownFileType = sourcecode.swift; path = LogicCalcView.swift; sourceTree = "<group>"; };
		4F95A68D24358C0200D02FA8 /* KeyboardTextField.swift */ = {isa = PBXFileReference; lastKnownFileType = sourcecode.swift; path = KeyboardTextField.swift; sourceTree = "<group>"; };
/* End PBXFileReference section */

/* Begin PBXFrameworksBuildPhase section */
		4F7120A5242DEEAA0077E76F /* Frameworks */ = {
			isa = PBXFrameworksBuildPhase;
			buildActionMask = 2147483647;
			files = (
			);
			runOnlyForDeploymentPostprocessing = 0;
		};
/* End PBXFrameworksBuildPhase section */

/* Begin PBXGroup section */
		4F71209F242DEEAA0077E76F = {
			isa = PBXGroup;
			children = (
				4F7120AA242DEEAA0077E76F /* inBinary */,
				4F7120A9242DEEAA0077E76F /* Products */,
			);
			sourceTree = "<group>";
		};
		4F7120A9242DEEAA0077E76F /* Products */ = {
			isa = PBXGroup;
			children = (
				4F7120A8242DEEAA0077E76F /* inBinary.app */,
			);
			name = Products;
			sourceTree = "<group>";
		};
		4F7120AA242DEEAA0077E76F /* inBinary */ = {
			isa = PBXGroup;
			children = (
				4F7120AB242DEEAA0077E76F /* AppDelegate.swift */,
				4F7120AD242DEEAA0077E76F /* SceneDelegate.swift */,
				4F7120AF242DEEAA0077E76F /* ContentView.swift */,
				4F7120BF242DF04B0077E76F /* BaseConvertView.swift */,
				4F7120C3242E08DF0077E76F /* ASCIILookupView.swift */,
				4F7120C5242E1BEE0077E76F /* LogicCalcView.swift */,
				4F95A68D24358C0200D02FA8 /* KeyboardTextField.swift */,
				4F7120B1242DEEAC0077E76F /* Assets.xcassets */,
				4F7120B6242DEEAC0077E76F /* LaunchScreen.storyboard */,
				4F7120B9242DEEAC0077E76F /* Info.plist */,
				4F7120B3242DEEAC0077E76F /* Preview Content */,
			);
			path = inBinary;
			sourceTree = "<group>";
		};
		4F7120B3242DEEAC0077E76F /* Preview Content */ = {
			isa = PBXGroup;
			children = (
				4F7120B4242DEEAC0077E76F /* Preview Assets.xcassets */,
			);
			path = "Preview Content";
			sourceTree = "<group>";
		};
/* End PBXGroup section */

/* Begin PBXNativeTarget section */
		4F7120A7242DEEAA0077E76F /* inBinary */ = {
			isa = PBXNativeTarget;
			buildConfigurationList = 4F7120BC242DEEAC0077E76F /* Build configuration list for PBXNativeTarget "inBinary" */;
			buildPhases = (
				4F7120A4242DEEAA0077E76F /* Sources */,
				4F7120A5242DEEAA0077E76F /* Frameworks */,
				4F7120A6242DEEAA0077E76F /* Resources */,
			);
			buildRules = (
			);
			dependencies = (
			);
			name = inBinary;
			productName = "Binary Box";
			productReference = 4F7120A8242DEEAA0077E76F /* inBinary.app */;
			productType = "com.apple.product-type.application";
		};
/* End PBXNativeTarget section */

/* Begin PBXProject section */
		4F7120A0242DEEAA0077E76F /* Project object */ = {
			isa = PBXProject;
			attributes = {
				LastSwiftUpdateCheck = 1140;
				LastUpgradeCheck = 1330;
				ORGANIZATIONNAME = "Ioan Moldovan";
				TargetAttributes = {
					4F7120A7242DEEAA0077E76F = {
						CreatedOnToolsVersion = 11.4;
					};
				};
			};
			buildConfigurationList = 4F7120A3242DEEAA0077E76F /* Build configuration list for PBXProject "inBinary" */;
			compatibilityVersion = "Xcode 9.3";
			developmentRegion = en;
			hasScannedForEncodings = 0;
			knownRegions = (
				en,
				Base,
			);
			mainGroup = 4F71209F242DEEAA0077E76F;
			productRefGroup = 4F7120A9242DEEAA0077E76F /* Products */;
			projectDirPath = "";
			projectRoot = "";
			targets = (
				4F7120A7242DEEAA0077E76F /* inBinary */,
			);
		};
/* End PBXProject section */

/* Begin PBXResourcesBuildPhase section */
		4F7120A6242DEEAA0077E76F /* Resources */ = {
			isa = PBXResourcesBuildPhase;
			buildActionMask = 2147483647;
			files = (
				4F7120B8242DEEAC0077E76F /* LaunchScreen.storyboard in Resources */,
				4F7120B5242DEEAC0077E76F /* Preview Assets.xcassets in Resources */,
				4F7120B2242DEEAC0077E76F /* Assets.xcassets in Resources */,
			);
			runOnlyForDeploymentPostprocessing = 0;
		};
/* End PBXResourcesBuildPhase section */

/* Begin PBXSourcesBuildPhase section */
		4F7120A4242DEEAA0077E76F /* Sources */ = {
			isa = PBXSourcesBuildPhase;
			buildActionMask = 2147483647;
			files = (
				4F7120C4242E08DF0077E76F /* ASCIILookupView.swift in Sources */,
				4F7120C6242E1BEE0077E76F /* LogicCalcView.swift in Sources */,
				4F7120AC242DEEAA0077E76F /* AppDelegate.swift in Sources */,
				4F7120AE242DEEAA0077E76F /* SceneDelegate.swift in Sources */,
				4F7120B0242DEEAA0077E76F /* ContentView.swift in Sources */,
				4F7120C0242DF04B0077E76F /* BaseConvertView.swift in Sources */,
				4F95A68E24358C0200D02FA8 /* KeyboardTextField.swift in Sources */,
			);
			runOnlyForDeploymentPostprocessing = 0;
		};
/* End PBXSourcesBuildPhase section */

/* Begin PBXVariantGroup section */
		4F7120B6242DEEAC0077E76F /* LaunchScreen.storyboard */ = {
			isa = PBXVariantGroup;
			children = (
				4F7120B7242DEEAC0077E76F /* Base */,
			);
			name = LaunchScreen.storyboard;
			sourceTree = "<group>";
		};
/* End PBXVariantGroup section */

/* Begin XCBuildConfiguration section */
		4F7120BA242DEEAC0077E76F /* Debug */ = {
			isa = XCBuildConfiguration;
			buildSettings = {
				ALWAYS_SEARCH_USER_PATHS = NO;
				CLANG_ANALYZER_NONNULL = YES;
				CLANG_ANALYZER_NUMBER_OBJECT_CONVERSION = YES_AGGRESSIVE;
				CLANG_CXX_LANGUAGE_STANDARD = "gnu++14";
				CLANG_CXX_LIBRARY = "libc++";
				CLANG_ENABLE_MODULES = YES;
				CLANG_ENABLE_OBJC_ARC = YES;
				CLANG_ENABLE_OBJC_WEAK = YES;
				CLANG_WARN_BLOCK_CAPTURE_AUTORELEASING = YES;
				CLANG_WARN_BOOL_CONVERSION = YES;
				CLANG_WARN_COMMA = YES;
				CLANG_WARN_CONSTANT_CONVERSION = YES;
				CLANG_WARN_DEPRECATED_OBJC_IMPLEMENTATIONS = YES;
				CLANG_WARN_DIRECT_OBJC_ISA_USAGE = YES_ERROR;
				CLANG_WARN_DOCUMENTATION_COMMENTS = YES;
				CLANG_WARN_EMPTY_BODY = YES;
				CLANG_WARN_ENUM_CONVERSION = YES;
				CLANG_WARN_INFINITE_RECURSION = YES;
				CLANG_WARN_INT_CONVERSION = YES;
				CLANG_WARN_NON_LITERAL_NULL_CONVERSION = YES;
				CLANG_WARN_OBJC_IMPLICIT_RETAIN_SELF = YES;
				CLANG_WARN_OBJC_LITERAL_CONVERSION = YES;
				CLANG_WARN_OBJC_ROOT_CLASS = YES_ERROR;
				CLANG_WARN_QUOTED_INCLUDE_IN_FRAMEWORK_HEADER = YES;
				CLANG_WARN_RANGE_LOOP_ANALYSIS = YES;
				CLANG_WARN_STRICT_PROTOTYPES = YES;
				CLANG_WARN_SUSPICIOUS_MOVE = YES;
				CLANG_WARN_UNGUARDED_AVAILABILITY = YES_AGGRESSIVE;
				CLANG_WARN_UNREACHABLE_CODE = YES;
				CLANG_WARN__DUPLICATE_METHOD_MATCH = YES;
				COPY_PHASE_STRIP = NO;
				DEBUG_INFORMATION_FORMAT = dwarf;
				ENABLE_STRICT_OBJC_MSGSEND = YES;
				ENABLE_TESTABILITY = YES;
				GCC_C_LANGUAGE_STANDARD = gnu11;
				GCC_DYNAMIC_NO_PIC = NO;
				GCC_NO_COMMON_BLOCKS = YES;
				GCC_OPTIMIZATION_LEVEL = 0;
				GCC_PREPROCESSOR_DEFINITIONS = (
					"DEBUG=1",
					"$(inherited)",
				);
				GCC_WARN_64_TO_32_BIT_CONVERSION = YES;
				GCC_WARN_ABOUT_RETURN_TYPE = YES_ERROR;
				GCC_WARN_UNDECLARED_SELECTOR = YES;
				GCC_WARN_UNINITIALIZED_AUTOS = YES_AGGRESSIVE;
				GCC_WARN_UNUSED_FUNCTION = YES;
				GCC_WARN_UNUSED_VARIABLE = YES;
				IPHONEOS_DEPLOYMENT_TARGET = 13.4;
				MTL_ENABLE_DEBUG_INFO = INCLUDE_SOURCE;
				MTL_FAST_MATH = YES;
				ONLY_ACTIVE_ARCH = YES;
				SDKROOT = iphoneos;
				SWIFT_ACTIVE_COMPILATION_CONDITIONS = DEBUG;
				SWIFT_OPTIMIZATION_LEVEL = "-Onone";
			};
			name = Debug;
		};
		4F7120BB242DEEAC0077E76F /* Release */ = {
			isa = XCBuildConfiguration;
			buildSettings = {
				ALWAYS_SEARCH_USER_PATHS = NO;
				CLANG_ANALYZER_NONNULL = YES;
				CLANG_ANALYZER_NUMBER_OBJECT_CONVERSION = YES_AGGRESSIVE;
				CLANG_CXX_LANGUAGE_STANDARD = "gnu++14";
				CLANG_CXX_LIBRARY = "libc++";
				CLANG_ENABLE_MODULES = YES;
				CLANG_ENABLE_OBJC_ARC = YES;
				CLANG_ENABLE_OBJC_WEAK = YES;
				CLANG_WARN_BLOCK_CAPTURE_AUTORELEASING = YES;
				CLANG_WARN_BOOL_CONVERSION = YES;
				CLANG_WARN_COMMA = YES;
				CLANG_WARN_CONSTANT_CONVERSION = YES;
				CLANG_WARN_DEPRECATED_OBJC_IMPLEMENTATIONS = YES;
				CLANG_WARN_DIRECT_OBJC_ISA_USAGE = YES_ERROR;
				CLANG_WARN_DOCUMENTATION_COMMENTS = YES;
				CLANG_WARN_EMPTY_BODY = YES;
				CLANG_WARN_ENUM_CONVERSION = YES;
				CLANG_WARN_INFINITE_RECURSION = YES;
				CLANG_WARN_INT_CONVERSION = YES;
				CLANG_WARN_NON_LITERAL_NULL_CONVERSION = YES;
				CLANG_WARN_OBJC_IMPLICIT_RETAIN_SELF = YES;
				CLANG_WARN_OBJC_LITERAL_CONVERSION = YES;
				CLANG_WARN_OBJC_ROOT_CLASS = YES_ERROR;
				CLANG_WARN_QUOTED_INCLUDE_IN_FRAMEWORK_HEADER = YES;
				CLANG_WARN_RANGE_LOOP_ANALYSIS = YES;
				CLANG_WARN_STRICT_PROTOTYPES = YES;
				CLANG_WARN_SUSPICIOUS_MOVE = YES;
				CLANG_WARN_UNGUARDED_AVAILABILITY = YES_AGGRESSIVE;
				CLANG_WARN_UNREACHABLE_CODE = YES;
				CLANG_WARN__DUPLICATE_METHOD_MATCH = YES;
				COPY_PHASE_STRIP = NO;
				DEBUG_INFORMATION_FORMAT = "dwarf-with-dsym";
				ENABLE_NS_ASSERTIONS = NO;
				ENABLE_STRICT_OBJC_MSGSEND = YES;
				GCC_C_LANGUAGE_STANDARD = gnu11;
				GCC_NO_COMMON_BLOCKS = YES;
				GCC_WARN_64_TO_32_BIT_CONVERSION = YES;
				GCC_WARN_ABOUT_RETURN_TYPE = YES_ERROR;
				GCC_WARN_UNDECLARED_SELECTOR = YES;
				GCC_WARN_UNINITIALIZED_AUTOS = YES_AGGRESSIVE;
				GCC_WARN_UNUSED_FUNCTION = YES;
				GCC_WARN_UNUSED_VARIABLE = YES;
				IPHONEOS_DEPLOYMENT_TARGET = 13.4;
				MTL_ENABLE_DEBUG_INFO = NO;
				MTL_FAST_MATH = YES;
				SDKROOT = iphoneos;
				SWIFT_COMPILATION_MODE = wholemodule;
				SWIFT_OPTIMIZATION_LEVEL = "-O";
				VALIDATE_PRODUCT = YES;
			};
			name = Release;
		};
		4F7120BD242DEEAC0077E76F /* Debug */ = {
			isa = XCBuildConfiguration;
			buildSettings = {
				ASSETCATALOG_COMPILER_APPICON_NAME = AppIcon;
				CODE_SIGN_IDENTITY = "Apple Development";
				CODE_SIGN_STYLE = Automatic;
				CURRENT_PROJECT_VERSION = 1;
				DEVELOPMENT_ASSET_PATHS = "\"inBinary/Preview Content\"";
				DEVELOPMENT_TEAM = J2ZHV5HQ5C;
				ENABLE_PREVIEWS = YES;
				INFOPLIST_FILE = inBinary/Info.plist;
				IPHONEOS_DEPLOYMENT_TARGET = 13.0;
				LD_RUNPATH_SEARCH_PATHS = (
					"$(inherited)",
					"@executable_path/Frameworks",
				);
				MARKETING_VERSION = 2.0;
				PRODUCT_BUNDLE_IDENTIFIER = ro.ioanm.inBinary;
				PRODUCT_NAME = "$(TARGET_NAME)";
				PROVISIONING_PROFILE_SPECIFIER = "";
				SUPPORTED_PLATFORMS = "iphoneos iphonesimulator";
				SUPPORTS_MACCATALYST = NO;
				SUPPORTS_MAC_DESIGNED_FOR_IPHONE_IPAD = NO;
				SUPPORTS_XR_DESIGNED_FOR_IPHONE_IPAD = NO;
				SWIFT_VERSION = 5.0;
				TARGETED_DEVICE_FAMILY = "1,2";
			};
			name = Debug;
		};
		4F7120BE242DEEAC0077E76F /* Release */ = {
			isa = XCBuildConfiguration;
			buildSettings = {
				ASSETCATALOG_COMPILER_APPICON_NAME = AppIcon;
				CODE_SIGN_IDENTITY = "Apple Development";
				CODE_SIGN_STYLE = Automatic;
				CURRENT_PROJECT_VERSION = 1;
				DEVELOPMENT_ASSET_PATHS = "\"inBinary/Preview Content\"";
				DEVELOPMENT_TEAM = J2ZHV5HQ5C;
				ENABLE_PREVIEWS = YES;
				INFOPLIST_FILE = inBinary/Info.plist;
				IPHONEOS_DEPLOYMENT_TARGET = 13.0;
				LD_RUNPATH_SEARCH_PATHS = (
					"$(inherited)",
					"@executable_path/Frameworks",
				);
				MARKETING_VERSION = 2.0;
				PRODUCT_BUNDLE_IDENTIFIER = ro.ioanm.inBinary;
				PRODUCT_NAME = "$(TARGET_NAME)";
				PROVISIONING_PROFILE_SPECIFIER = "";
				SUPPORTED_PLATFORMS = "iphoneos iphonesimulator";
				SUPPORTS_MACCATALYST = NO;
				SUPPORTS_MAC_DESIGNED_FOR_IPHONE_IPAD = NO;
				SUPPORTS_XR_DESIGNED_FOR_IPHONE_IPAD = NO;
				SWIFT_VERSION = 5.0;
				TARGETED_DEVICE_FAMILY = "1,2";
			};
			name = Release;
		};
/* End XCBuildConfiguration section */

/* Begin XCConfigurationList section */
		4F7120A3242DEEAA0077E76F /* Build configuration list for PBXProject "inBinary" */ = {
			isa = XCConfigurationList;
			buildConfigurations = (
				4F7120BA242DEEAC0077E76F /* Debug */,
				4F7120BB242DEEAC0077E76F /* Release */,
			);
			defaultConfigurationIsVisible = 0;
			defaultConfigurationName = Release;
		};
		4F7120BC242DEEAC0077E76F /* Build configuration list for PBXNativeTarget "inBinary" */ = {
			isa = XCConfigurationList;
			buildConfigurations = (
				4F7120BD242DEEAC0077E76F /* Debug */,
				4F7120BE242DEEAC0077E76F /* Release */,
			);
			defaultConfigurationIsVisible = 0;
			defaultConfigurationName = Release;
		};
/* End XCConfigurationList section */
	};
	rootObject = 4F7120A0242DEEAA0077E76F /* Project object */;
}
